Microsoft Visual Studio Solution File, Format Version 12.00
# Visual Studio Version 16
VisualStudioVersion = 16.0.30225.117
MinimumVisualStudioVersion = 10.0.40219.1
Project("{FAE04EC0-301F-11D3-BF4B-00C04F79EFBC}") = "PollinationSDK", "src\PollinationSDK\PollinationSDK.csproj", "{B5D437C0-A194-443B-A9A1-A94594F3D150}"
EndProject
Project("{FAE04EC0-301F-11D3-BF4B-00C04F79EFBC}") = "PollinationSDK.Test", "src\PollinationSDK.Test\PollinationSDK.Test.csproj", "{D7D79F32-F12C-40D9-9DF5-A89DA95672A2}"
EndProject
Project("{FAE04EC0-301F-11D3-BF4B-00C04F79EFBC}") = "ConsoleAppDemo", "src\ConsoleAppDemo\ConsoleAppDemo.csproj", "{9B368D0E-9965-4FFF-A2EF-1C828558C960}"
EndProject
Global
	GlobalSection(SolutionConfigurationPlatforms) = preSolution
		Debug|Any CPU = Debug|Any CPU
		Release|Any CPU = Release|Any CPU
	EndGlobalSection
	GlobalSection(ProjectConfigurationPlatforms) = postSolution
		{B5D437C0-A194-443B-A9A1-A94594F3D150}.Debug|Any CPU.ActiveCfg = Debug|Any CPU
		{B5D437C0-A194-443B-A9A1-A94594F3D150}.Debug|Any CPU.Build.0 = Debug|Any CPU
		{B5D437C0-A194-443B-A9A1-A94594F3D150}.Release|Any CPU.ActiveCfg = Release|Any CPU
		{B5D437C0-A194-443B-A9A1-A94594F3D150}.Release|Any CPU.Build.0 = Release|Any CPU
		{D7D79F32-F12C-40D9-9DF5-A89DA95672A2}.Debug|Any CPU.ActiveCfg = Debug|Any CPU
		{D7D79F32-F12C-40D9-9DF5-A89DA95672A2}.Debug|Any CPU.Build.0 = Debug|Any CPU
		{D7D79F32-F12C-40D9-9DF5-A89DA95672A2}.Release|Any CPU.ActiveCfg = Release|Any CPU
		{D7D79F32-F12C-40D9-9DF5-A89DA95672A2}.Release|Any CPU.Build.0 = Release|Any CPU
		{9B368D0E-9965-4FFF-A2EF-1C828558C960}.Debug|Any CPU.ActiveCfg = Debug|Any CPU
		{9B368D0E-9965-4FFF-A2EF-1C828558C960}.Debug|Any CPU.Build.0 = Debug|Any CPU
		{9B368D0E-9965-4FFF-A2EF-1C828558C960}.Release|Any CPU.ActiveCfg = Release|Any CPU
		{9B368D0E-9965-4FFF-A2EF-1C828558C960}.Release|Any CPU.Build.0 = Release|Any CPU
	EndGlobalSection
	GlobalSection(SolutionProperties) = preSolution
		HideSolutionNode = FALSE
	EndGlobalSection
	GlobalSection(ExtensibilityGlobals) = postSolution
		SolutionGuid = {36ADD91A-DDED-4831-B7CC-18B428FCC3B3}
	EndGlobalSection
EndGlobal
